
Microsoft Visual Studio Solution File, Format Version 12.00
# Visual Studio Version 16
VisualStudioVersion = 16.0.30114.105
MinimumVisualStudioVersion = 10.0.40219.1
Project("{FAE04EC0-301F-11D3-BF4B-00C04F79EFBC}") = "StringLibrary", "StringLibrary\StringLibrary.csproj", "{04BCAFF6-65FC-4B1C-B3AF-84508E6DBE1C}"
EndProject
Project("{FAE04EC0-301F-11D3-BF4B-00C04F79EFBC}") = "ShowCase", "ShowCase\ShowCase.csproj", "{09A44127-6ED1-4A85-A60C-CDED3D3A20EC}"
EndProject
Global
	GlobalSection(SolutionConfigurationPlatforms) = preSolution
		Debug|Any CPU = Debug|Any CPU
		Release|Any CPU = Release|Any CPU
	EndGlobalSection
	GlobalSection(SolutionProperties) = preSolution
		HideSolutionNode = FALSE
	EndGlobalSection
	GlobalSection(ProjectConfigurationPlatforms) = postSolution
		{04BCAFF6-65FC-4B1C-B3AF-84508E6DBE1C}.Debug|Any CPU.ActiveCfg = Debug|Any CPU
		{04BCAFF6-65FC-4B1C-B3AF-84508E6DBE1C}.Debug|Any CPU.Build.0 = Debug|Any CPU
		{04BCAFF6-65FC-4B1C-B3AF-84508E6DBE1C}.Release|Any CPU.ActiveCfg = Release|Any CPU
		{04BCAFF6-65FC-4B1C-B3AF-84508E6DBE1C}.Release|Any CPU.Build.0 = Release|Any CPU
		{09A44127-6ED1-4A85-A60C-CDED3D3A20EC}.Debug|Any CPU.ActiveCfg = Debug|Any CPU
		{09A44127-6ED1-4A85-A60C-CDED3D3A20EC}.Debug|Any CPU.Build.0 = Debug|Any CPU
		{09A44127-6ED1-4A85-A60C-CDED3D3A20EC}.Release|Any CPU.ActiveCfg = Release|Any CPU
		{09A44127-6ED1-4A85-A60C-CDED3D3A20EC}.Release|Any CPU.Build.0 = Release|Any CPU
	EndGlobalSection
EndGlobal
